// !$*UTF8*$!
{
	archiveVersion = 1;
	classes = {
	};
	objectVersion = 90;
	objects = {

/* Begin PBXBuildFile section */
		5C79A2192E03C76800EB3610 /* KakaoSDK in Frameworks */ = {isa = PBXBuildFile; productRef = 5C79A2182E03C76800EB3610 /* KakaoSDK */; };
		5C79A21B2E03C76800EB3610 /* KakaoSDKAuth in Frameworks */ = {isa = PBXBuildFile; productRef = 5C79A21A2E03C76800EB3610 /* KakaoSDKAuth */; };
		5C79A21D2E03C76800EB3610 /* KakaoSDKCert in Frameworks */ = {isa = PBXBuildFile; productRef = 5C79A21C2E03C76800EB3610 /* KakaoSDKCert */; };
		5C79A21F2E03C76800EB3610 /* KakaoSDKCertCore in Frameworks */ = {isa = PBXBuildFile; productRef = 5C79A21E2E03C76800EB3610 /* KakaoSDKCertCore */; };
		5C79A2212E03C76800EB3610 /* KakaoSDKCommon in Frameworks */ = {isa = PBXBuildFile; productRef = 5C79A2202E03C76800EB3610 /* KakaoSDKCommon */; };
		5C79A2232E03C76800EB3610 /* KakaoSDKUser in Frameworks */ = {isa = PBXBuildFile; productRef = 5C79A2222E03C76800EB3610 /* KakaoSDKUser */; };
		5C7BC2212E0BA4D40080797F /* Kingfisher in Frameworks */ = {isa = PBXBuildFile; productRef = 5C7BC2202E0BA4D40080797F /* Kingfisher */; };
		5CB2A7662E14E83300CB3230 /* CombineMoya in Frameworks */ = {isa = PBXBuildFile; productRef = 5CB2A7652E14E83300CB3230 /* CombineMoya */; };
		5CB2A7682E14E83300CB3230 /* Moya in Frameworks */ = {isa = PBXBuildFile; productRef = 5CB2A7672E14E83300CB3230 /* Moya */; };
/* End PBXBuildFile section */

/* Begin PBXFileReference section */
		5C10B4BB2E012629006D671B /* UMCStarbuckApp.app */ = {isa = PBXFileReference; explicitFileType = wrapper.application; includeInIndex = 0; path = UMCStarbuckApp.app; sourceTree = BUILT_PRODUCTS_DIR; };
/* End PBXFileReference section */

/* Begin PBXFileSystemSynchronizedBuildFileExceptionSet section */
		5C10B5FE2E012EF3006D671B /* Exceptions for "UMCStarbuckApp" folder in "UMCStarbuckApp" target */ = {
			isa = PBXFileSystemSynchronizedBuildFileExceptionSet;
			membershipExceptions = (
				Core/Utils/Secret.xcconfig,
				Info.plist,
			);
			target = 5C10B4BA2E012629006D671B /* UMCStarbuckApp */;
		};
/* End PBXFileSystemSynchronizedBuildFileExceptionSet section */

/* Begin PBXFileSystemSynchronizedRootGroup section */
		5C10B4BD2E012629006D671B /* UMCStarbuckApp */ = {
			isa = PBXFileSystemSynchronizedRootGroup;
			exceptions = (
				5C10B5FE2E012EF3006D671B /* Exceptions for "UMCStarbuckApp" folder in "UMCStarbuckApp" target */,
			);
			path = UMCStarbuckApp;
			sourceTree = "<group>";
		};
/* End PBXFileSystemSynchronizedRootGroup section */

/* Begin PBXFrameworksBuildPhase section */
		5C10B4B82E012629006D671B /* Frameworks */ = {
			isa = PBXFrameworksBuildPhase;
			files = (
				5C79A21F2E03C76800EB3610 /* KakaoSDKCertCore in Frameworks */,
				5C79A21D2E03C76800EB3610 /* KakaoSDKCert in Frameworks */,
				5CB2A7682E14E83300CB3230 /* Moya in Frameworks */,
				5C7BC2212E0BA4D40080797F /* Kingfisher in Frameworks */,
				5C79A2232E03C76800EB3610 /* KakaoSDKUser in Frameworks */,
				5C79A2192E03C76800EB3610 /* KakaoSDK in Frameworks */,
				5C79A2212E03C76800EB3610 /* KakaoSDKCommon in Frameworks */,
				5CB2A7662E14E83300CB3230 /* CombineMoya in Frameworks */,
				5C79A21B2E03C76800EB3610 /* KakaoSDKAuth in Frameworks */,
			);
		};
/* End PBXFrameworksBuildPhase section */

/* Begin PBXGroup section */
		5C10B4B22E012629006D671B = {
			isa = PBXGroup;
			children = (
				5C10B4BD2E012629006D671B /* UMCStarbuckApp */,
				5C10B4BC2E012629006D671B /* Products */,
			);
			sourceTree = "<group>";
		};
		5C10B4BC2E012629006D671B /* Products */ = {
			isa = PBXGroup;
			children = (
				5C10B4BB2E012629006D671B /* UMCStarbuckApp.app */,
			);
			name = Products;
			sourceTree = "<group>";
		};
/* End PBXGroup section */

/* Begin PBXNativeTarget section */
		5C10B4BA2E012629006D671B /* UMCStarbuckApp */ = {
			isa = PBXNativeTarget;
			buildConfigurationList = 5C10B4C62E01262A006D671B /* Build configuration list for PBXNativeTarget "UMCStarbuckApp" */;
			buildPhases = (
				5C10B4B72E012629006D671B /* Sources */,
				5C10B4B82E012629006D671B /* Frameworks */,
				5C10B4B92E012629006D671B /* Resources */,
			);
			buildRules = (
			);
			fileSystemSynchronizedGroups = (
				5C10B4BD2E012629006D671B /* UMCStarbuckApp */,
			);
			name = UMCStarbuckApp;
			packageProductDependencies = (
				5C79A2182E03C76800EB3610 /* KakaoSDK */,
				5C79A21A2E03C76800EB3610 /* KakaoSDKAuth */,
				5C79A21C2E03C76800EB3610 /* KakaoSDKCert */,
				5C79A21E2E03C76800EB3610 /* KakaoSDKCertCore */,
				5C79A2202E03C76800EB3610 /* KakaoSDKCommon */,
				5C79A2222E03C76800EB3610 /* KakaoSDKUser */,
				5C7BC2202E0BA4D40080797F /* Kingfisher */,
				5CB2A7652E14E83300CB3230 /* CombineMoya */,
				5CB2A7672E14E83300CB3230 /* Moya */,
			);
			productName = UMCStarbuckApp;
			productReference = 5C10B4BB2E012629006D671B /* UMCStarbuckApp.app */;
			productType = "com.apple.product-type.application";
		};
/* End PBXNativeTarget section */

/* Begin PBXProject section */
		5C10B4B32E012629006D671B /* Project object */ = {
			isa = PBXProject;
			attributes = {
				BuildIndependentTargetsInParallel = 1;
				LastSwiftUpdateCheck = 1640;
				LastUpgradeCheck = 1640;
				TargetAttributes = {
					5C10B4BA2E012629006D671B = {
						CreatedOnToolsVersion = 16.4;
					};
				};
			};
			buildConfigurationList = 5C10B4B62E012629006D671B /* Build configuration list for PBXProject "UMCStarbuckApp" */;
			developmentRegion = en;
			hasScannedForEncodings = 0;
			knownRegions = (
				en,
				Base,
			);
			mainGroup = 5C10B4B22E012629006D671B;
			minimizedProjectReferenceProxies = 1;
			packageReferences = (
				5C79A2172E03C76800EB3610 /* XCRemoteSwiftPackageReference "kakao-ios-sdk" */,
				5C7BC21F2E0BA4D40080797F /* XCRemoteSwiftPackageReference "Kingfisher" */,
				5CB2A7642E14E83300CB3230 /* XCRemoteSwiftPackageReference "Moya" */,
			);
			preferredProjectObjectVersion = 90;
			productRefGroup = 5C10B4BC2E012629006D671B /* Products */;
			projectDirPath = "";
			projectRoot = "";
			targets = (
				5C10B4BA2E012629006D671B /* UMCStarbuckApp */,
			);
		};
/* End PBXProject section */

/* Begin PBXResourcesBuildPhase section */
		5C10B4B92E012629006D671B /* Resources */ = {
			isa = PBXResourcesBuildPhase;
			files = (
			);
		};
/* End PBXResourcesBuildPhase section */

/* Begin PBXSourcesBuildPhase section */
		5C10B4B72E012629006D671B /* Sources */ = {
			isa = PBXSourcesBuildPhase;
			files = (
			);
		};
/* End PBXSourcesBuildPhase section */

/* Begin XCBuildConfiguration section */
		5C10B4C42E01262A006D671B /* Debug configuration for PBXProject "UMCStarbuckApp" */ = {
			isa = XCBuildConfiguration;
			baseConfigurationReferenceAnchor = 5C10B4BD2E012629006D671B /* UMCStarbuckApp */;
			baseConfigurationReferenceRelativePath = Core/Utils/Secret.xcconfig;
			buildSettings = {
				ALWAYS_SEARCH_USER_PATHS = NO;
				ASSETCATALOG_COMPILER_GENERATE_SWIFT_ASSET_SYMBOL_EXTENSIONS = YES;
				CLANG_ANALYZER_NONNULL = YES;
				CLANG_ANALYZER_NUMBER_OBJECT_CONVERSION = YES_AGGRESSIVE;
				CLANG_CXX_LANGUAGE_STANDARD = "gnu++20";
				CLANG_ENABLE_MODULES = YES;
				CLANG_ENABLE_OBJC_ARC = YES;
				CLANG_ENABLE_OBJC_WEAK = YES;
				CLANG_WARN_BLOCK_CAPTURE_AUTORELEASING = YES;
				CLANG_WARN_BOOL_CONVERSION = YES;
				CLANG_WARN_COMMA = YES;
				CLANG_WARN_CONSTANT_CONVERSION = YES;
				CLANG_WARN_DEPRECATED_OBJC_IMPLEMENTATIONS = YES;
				CLANG_WARN_DIRECT_OBJC_ISA_USAGE = YES_ERROR;
				CLANG_WARN_DOCUMENTATION_COMMENTS = YES;
				CLANG_WARN_EMPTY_BODY = YES;
				CLANG_WARN_ENUM_CONVERSION = YES;
				CLANG_WARN_INFINITE_RECURSION = YES;
				CLANG_WARN_INT_CONVERSION = YES;
				CLANG_WARN_NON_LITERAL_NULL_CONVERSION = YES;
				CLANG_WARN_OBJC_IMPLICIT_RETAIN_SELF = YES;
				CLANG_WARN_OBJC_LITERAL_CONVERSION = YES;
				CLANG_WARN_OBJC_ROOT_CLASS = YES_ERROR;
				CLANG_WARN_QUOTED_INCLUDE_IN_FRAMEWORK_HEADER = YES;
				CLANG_WARN_RANGE_LOOP_ANALYSIS = YES;
				CLANG_WARN_STRICT_PROTOTYPES = YES;
				CLANG_WARN_SUSPICIOUS_MOVE = YES;
				CLANG_WARN_UNGUARDED_AVAILABILITY = YES_AGGRESSIVE;
				CLANG_WARN_UNREACHABLE_CODE = YES;
				CLANG_WARN__DUPLICATE_METHOD_MATCH = YES;
				COPY_PHASE_STRIP = NO;
				DEBUG_INFORMATION_FORMAT = dwarf;
				DEVELOPMENT_TEAM = 8B8B4462NV;
				ENABLE_STRICT_OBJC_MSGSEND = YES;
				ENABLE_TESTABILITY = YES;
				ENABLE_USER_SCRIPT_SANDBOXING = YES;
				GCC_C_LANGUAGE_STANDARD = gnu17;
				GCC_DYNAMIC_NO_PIC = NO;
				GCC_NO_COMMON_BLOCKS = YES;
				GCC_OPTIMIZATION_LEVEL = 0;
				GCC_PREPROCESSOR_DEFINITIONS = (
					"DEBUG=1",
					"$(inherited)",
				);
				GCC_WARN_64_TO_32_BIT_CONVERSION = YES;
				GCC_WARN_ABOUT_RETURN_TYPE = YES_ERROR;
				GCC_WARN_UNDECLARED_SELECTOR = YES;
				GCC_WARN_UNINITIALIZED_AUTOS = YES_AGGRESSIVE;
				GCC_WARN_UNUSED_FUNCTION = YES;
				GCC_WARN_UNUSED_VARIABLE = YES;
				IPHONEOS_DEPLOYMENT_TARGET = 18.5;
				LOCALIZATION_PREFERS_STRING_CATALOGS = YES;
				MTL_ENABLE_DEBUG_INFO = INCLUDE_SOURCE;
				MTL_FAST_MATH = YES;
				ONLY_ACTIVE_ARCH = YES;
				SDKROOT = iphoneos;
				SWIFT_ACTIVE_COMPILATION_CONDITIONS = "DEBUG $(inherited)";
				SWIFT_OPTIMIZATION_LEVEL = "-Onone";
			};
			name = Debug;
		};
		5C10B4C52E01262A006D671B /* Release configuration for PBXProject "UMCStarbuckApp" */ = {
			isa = XCBuildConfiguration;
			baseConfigurationReferenceAnchor = 5C10B4BD2E012629006D671B /* UMCStarbuckApp */;
			baseConfigurationReferenceRelativePath = Core/Utils/Secret.xcconfig;
			buildSettings = {
				ALWAYS_SEARCH_USER_PATHS = NO;
				ASSETCATALOG_COMPILER_GENERATE_SWIFT_ASSET_SYMBOL_EXTENSIONS = YES;
				CLANG_ANALYZER_NONNULL = YES;
				CLANG_ANALYZER_NUMBER_OBJECT_CONVERSION = YES_AGGRESSIVE;
				CLANG_CXX_LANGUAGE_STANDARD = "gnu++20";
				CLANG_ENABLE_MODULES = YES;
				CLANG_ENABLE_OBJC_ARC = YES;
				CLANG_ENABLE_OBJC_WEAK = YES;
				CLANG_WARN_BLOCK_CAPTURE_AUTORELEASING = YES;
				CLANG_WARN_BOOL_CONVERSION = YES;
				CLANG_WARN_COMMA = YES;
				CLANG_WARN_CONSTANT_CONVERSION = YES;
				CLANG_WARN_DEPRECATED_OBJC_IMPLEMENTATIONS = YES;
				CLANG_WARN_DIRECT_OBJC_ISA_USAGE = YES_ERROR;
				CLANG_WARN_DOCUMENTATION_COMMENTS = YES;
				CLANG_WARN_EMPTY_BODY = YES;
				CLANG_WARN_ENUM_CONVERSION = YES;
				CLANG_WARN_INFINITE_RECURSION = YES;
				CLANG_WARN_INT_CONVERSION = YES;
				CLANG_WARN_NON_LITERAL_NULL_CONVERSION = YES;
				CLANG_WARN_OBJC_IMPLICIT_RETAIN_SELF = YES;
				CLANG_WARN_OBJC_LITERAL_CONVERSION = YES;
				CLANG_WARN_OBJC_ROOT_CLASS = YES_ERROR;
				CLANG_WARN_QUOTED_INCLUDE_IN_FRAMEWORK_HEADER = YES;
				CLANG_WARN_RANGE_LOOP_ANALYSIS = YES;
				CLANG_WARN_STRICT_PROTOTYPES = YES;
				CLANG_WARN_SUSPICIOUS_MOVE = YES;
				CLANG_WARN_UNGUARDED_AVAILABILITY = YES_AGGRESSIVE;
				CLANG_WARN_UNREACHABLE_CODE = YES;
				CLANG_WARN__DUPLICATE_METHOD_MATCH = YES;
				COPY_PHASE_STRIP = NO;
				DEBUG_INFORMATION_FORMAT = "dwarf-with-dsym";
				DEVELOPMENT_TEAM = 8B8B4462NV;
				ENABLE_NS_ASSERTIONS = NO;
				ENABLE_STRICT_OBJC_MSGSEND = YES;
				ENABLE_USER_SCRIPT_SANDBOXING = YES;
				GCC_C_LANGUAGE_STANDARD = gnu17;
				GCC_NO_COMMON_BLOCKS = YES;
				GCC_WARN_64_TO_32_BIT_CONVERSION = YES;
				GCC_WARN_ABOUT_RETURN_TYPE = YES_ERROR;
				GCC_WARN_UNDECLARED_SELECTOR = YES;
				GCC_WARN_UNINITIALIZED_AUTOS = YES_AGGRESSIVE;
				GCC_WARN_UNUSED_FUNCTION = YES;
				GCC_WARN_UNUSED_VARIABLE = YES;
				IPHONEOS_DEPLOYMENT_TARGET = 18.5;
				LOCALIZATION_PREFERS_STRING_CATALOGS = YES;
				MTL_ENABLE_DEBUG_INFO = NO;
				MTL_FAST_MATH = YES;
				SDKROOT = iphoneos;
				SWIFT_COMPILATION_MODE = wholemodule;
				VALIDATE_PRODUCT = YES;
			};
			name = Release;
		};
		5C10B4C72E01262A006D671B /* Debug configuration for PBXNativeTarget "UMCStarbuckApp" */ = {
			isa = XCBuildConfiguration;
			baseConfigurationReferenceAnchor = 5C10B4BD2E012629006D671B /* UMCStarbuckApp */;
			baseConfigurationReferenceRelativePath = Core/Utils/Secret.xcconfig;
			buildSettings = {
				ASSETCATALOG_COMPILER_APPICON_NAME = AppIcon;
				ASSETCATALOG_COMPILER_GLOBAL_ACCENT_COLOR_NAME = AccentColor;
				CODE_SIGN_STYLE = Automatic;
				CURRENT_PROJECT_VERSION = 1;
				DEVELOPMENT_TEAM = 8B8B4462NV;
				ENABLE_PREVIEWS = YES;
				GENERATE_INFOPLIST_FILE = YES;
				INFOPLIST_FILE = UMCStarbuckApp/Info.plist;
				INFOPLIST_KEY_NSLocationWhenInUseUsageDescription = "사용자의 위치를 확인하기 위해 필요합니다.";
				INFOPLIST_KEY_UIApplicationSceneManifest_Generation = YES;
				INFOPLIST_KEY_UIApplicationSupportsIndirectInputEvents = YES;
				INFOPLIST_KEY_UILaunchScreen_Generation = YES;
				INFOPLIST_KEY_UISupportedInterfaceOrientations_iPad = "UIInterfaceOrientationPortrait UIInterfaceOrientationPortraitUpsideDown UIInterfaceOrientationLandscapeLeft UIInterfaceOrientationLandscapeRight";
				INFOPLIST_KEY_UISupportedInterfaceOrientations_iPhone = "UIInterfaceOrientationPortrait UIInterfaceOrientationLandscapeLeft UIInterfaceOrientationLandscapeRight";
				INFOPLIST_KEY_UIUserInterfaceStyle = Light;
				LD_RUNPATH_SEARCH_PATHS = (
					"$(inherited)",
					"@executable_path/Frameworks",
				);
				MARKETING_VERSION = 1.0;
				PRODUCT_BUNDLE_IDENTIFIER = com.app.UMCStackBucks.UMCStarbuckApp;
				PRODUCT_NAME = "$(TARGET_NAME)";
				SWIFT_EMIT_LOC_STRINGS = YES;
				SWIFT_VERSION = 5.0;
				TARGETED_DEVICE_FAMILY = "1,2";
			};
			name = Debug;
		};
		5C10B4C82E01262A006D671B /* Release configuration for PBXNativeTarget "UMCStarbuckApp" */ = {
			isa = XCBuildConfiguration;
			baseConfigurationReferenceAnchor = 5C10B4BD2E012629006D671B /* UMCStarbuckApp */;
			baseConfigurationReferenceRelativePath = Core/Utils/Secret.xcconfig;
			buildSettings = {
				ASSETCATALOG_COMPILER_APPICON_NAME = AppIcon;
				ASSETCATALOG_COMPILER_GLOBAL_ACCENT_COLOR_NAME = AccentColor;
				CODE_SIGN_STYLE = Automatic;
				CURRENT_PROJECT_VERSION = 1;
				DEVELOPMENT_TEAM = 8B8B4462NV;
				ENABLE_PREVIEWS = YES;
				GENERATE_INFOPLIST_FILE = YES;
				INFOPLIST_FILE = UMCStarbuckApp/Info.plist;
				INFOPLIST_KEY_NSLocationWhenInUseUsageDescription = "사용자의 위치를 확인하기 위해 필요합니다.";
				INFOPLIST_KEY_UIApplicationSceneManifest_Generation = YES;
				INFOPLIST_KEY_UIApplicationSupportsIndirectInputEvents = YES;
				INFOPLIST_KEY_UILaunchScreen_Generation = YES;
				INFOPLIST_KEY_UISupportedInterfaceOrientations_iPad = "UIInterfaceOrientationPortrait UIInterfaceOrientationPortraitUpsideDown UIInterfaceOrientationLandscapeLeft UIInterfaceOrientationLandscapeRight";
				INFOPLIST_KEY_UISupportedInterfaceOrientations_iPhone = "UIInterfaceOrientationPortrait UIInterfaceOrientationLandscapeLeft UIInterfaceOrientationLandscapeRight";
				INFOPLIST_KEY_UIUserInterfaceStyle = Light;
				LD_RUNPATH_SEARCH_PATHS = (
					"$(inherited)",
					"@executable_path/Frameworks",
				);
				MARKETING_VERSION = 1.0;
				PRODUCT_BUNDLE_IDENTIFIER = com.app.UMCStackBucks.UMCStarbuckApp;
				PRODUCT_NAME = "$(TARGET_NAME)";
				SWIFT_EMIT_LOC_STRINGS = YES;
				SWIFT_VERSION = 5.0;
				TARGETED_DEVICE_FAMILY = "1,2";
			};
			name = Release;
		};
/* End XCBuildConfiguration section */

/* Begin XCConfigurationList section */
		5C10B4B62E012629006D671B /* Build configuration list for PBXProject "UMCStarbuckApp" */ = {
			isa = XCConfigurationList;
			buildConfigurations = (
				5C10B4C42E01262A006D671B /* Debug configuration for PBXProject "UMCStarbuckApp" */,
				5C10B4C52E01262A006D671B /* Release configuration for PBXProject "UMCStarbuckApp" */,
			);
			defaultConfigurationName = Release;
		};
		5C10B4C62E01262A006D671B /* Build configuration list for PBXNativeTarget "UMCStarbuckApp" */ = {
			isa = XCConfigurationList;
			buildConfigurations = (
				5C10B4C72E01262A006D671B /* Debug configuration for PBXNativeTarget "UMCStarbuckApp" */,
				5C10B4C82E01262A006D671B /* Release configuration for PBXNativeTarget "UMCStarbuckApp" */,
			);
			defaultConfigurationName = Release;
		};
/* End XCConfigurationList section */

/* Begin XCRemoteSwiftPackageReference section */
		5C79A2172E03C76800EB3610 /* XCRemoteSwiftPackageReference "kakao-ios-sdk" */ = {
			isa = XCRemoteSwiftPackageReference;
			repositoryURL = "https://github.com/kakao/kakao-ios-sdk";
			requirement = {
				kind = upToNextMajorVersion;
				minimumVersion = 2.24.4;
			};
		};
		5C7BC21F2E0BA4D40080797F /* XCRemoteSwiftPackageReference "Kingfisher" */ = {
			isa = XCRemoteSwiftPackageReference;
			repositoryURL = "https://github.com/onevcat/Kingfisher";
			requirement = {
				kind = upToNextMajorVersion;
				minimumVersion = 8.3.3;
			};
		};
		5CB2A7642E14E83300CB3230 /* XCRemoteSwiftPackageReference "Moya" */ = {
			isa = XCRemoteSwiftPackageReference;
			repositoryURL = "https://github.com/Moya/Moya";
			requirement = {
				kind = upToNextMajorVersion;
				minimumVersion = 15.0.3;
			};
		};
/* End XCRemoteSwiftPackageReference section */

/* Begin XCSwiftPackageProductDependency section */
		5C79A2182E03C76800EB3610 /* KakaoSDK */ = {
			isa = XCSwiftPackageProductDependency;
			package = 5C79A2172E03C76800EB3610 /* XCRemoteSwiftPackageReference "kakao-ios-sdk" */;
			productName = KakaoSDK;
		};
		5C79A21A2E03C76800EB3610 /* KakaoSDKAuth */ = {
			isa = XCSwiftPackageProductDependency;
			package = 5C79A2172E03C76800EB3610 /* XCRemoteSwiftPackageReference "kakao-ios-sdk" */;
			productName = KakaoSDKAuth;
		};
		5C79A21C2E03C76800EB3610 /* KakaoSDKCert */ = {
			isa = XCSwiftPackageProductDependency;
			package = 5C79A2172E03C76800EB3610 /* XCRemoteSwiftPackageReference "kakao-ios-sdk" */;
			productName = KakaoSDKCert;
		};
		5C79A21E2E03C76800EB3610 /* KakaoSDKCertCore */ = {
			isa = XCSwiftPackageProductDependency;
			package = 5C79A2172E03C76800EB3610 /* XCRemoteSwiftPackageReference "kakao-ios-sdk" */;
			productName = KakaoSDKCertCore;
		};
		5C79A2202E03C76800EB3610 /* KakaoSDKCommon */ = {
			isa = XCSwiftPackageProductDependency;
			package = 5C79A2172E03C76800EB3610 /* XCRemoteSwiftPackageReference "kakao-ios-sdk" */;
			productName = KakaoSDKCommon;
		};
		5C79A2222E03C76800EB3610 /* KakaoSDKUser */ = {
			isa = XCSwiftPackageProductDependency;
			package = 5C79A2172E03C76800EB3610 /* XCRemoteSwiftPackageReference "kakao-ios-sdk" */;
			productName = KakaoSDKUser;
		};
		5C7BC2202E0BA4D40080797F /* Kingfisher */ = {
			isa = XCSwiftPackageProductDependency;
			package = 5C7BC21F2E0BA4D40080797F /* XCRemoteSwiftPackageReference "Kingfisher" */;
			productName = Kingfisher;
		};
		5CB2A7652E14E83300CB3230 /* CombineMoya */ = {
			isa = XCSwiftPackageProductDependency;
			package = 5CB2A7642E14E83300CB3230 /* XCRemoteSwiftPackageReference "Moya" */;
			productName = CombineMoya;
		};
		5CB2A7672E14E83300CB3230 /* Moya */ = {
			isa = XCSwiftPackageProductDependency;
			package = 5CB2A7642E14E83300CB3230 /* XCRemoteSwiftPackageReference "Moya" */;
			productName = Moya;
		};
/* End XCSwiftPackageProductDependency section */
	};
	rootObject = 5C10B4B32E012629006D671B /* Project object */;
}
